{
  "object": {
    "pins": [
      {
        "package": "BigInt",
        "repositoryURL": "https://github.com/leif-ibsen/BigInt",
        "state": {
          "branch": null,
          "revision": "c6e4e52754e512debe257d4d010f228eb5747e87",
          "version": "1.0.0"
        }
      }
    ]
  },
  "version": 1
}
